
Microsoft Visual Studio Solution File, Format Version 12.00
# Visual Studio 15
VisualStudioVersion = 15.0.27130.2024
MinimumVisualStudioVersion = 10.0.40219.1
Project("{FAE04EC0-301F-11D3-BF4B-00C04F79EFBC}") = "BankApp", "BankApp\BankApp.csproj", "{EA04E6A3-B204-46B6-8ED8-0D59C78B81EC}"
EndProject
Global
	GlobalSection(SolutionConfigurationPlatforms) = preSolution
		Debug|Any CPU = Debug|Any CPU
		Release|Any CPU = Release|Any CPU
	EndGlobalSection
	GlobalSection(ProjectConfigurationPlatforms) = postSolution
		{EA04E6A3-B204-46B6-8ED8-0D59C78B81EC}.Debug|Any CPU.ActiveCfg = Debug|Any CPU
		{EA04E6A3-B204-46B6-8ED8-0D59C78B81EC}.Debug|Any CPU.Build.0 = Debug|Any CPU
		{EA04E6A3-B204-46B6-8ED8-0D59C78B81EC}.Release|Any CPU.ActiveCfg = Release|Any CPU
		{EA04E6A3-B204-46B6-8ED8-0D59C78B81EC}.Release|Any CPU.Build.0 = Release|Any CPU
	EndGlobalSection
	GlobalSection(SolutionProperties) = preSolution
		HideSolutionNode = FALSE
	EndGlobalSection
	GlobalSection(ExtensibilityGlobals) = postSolution
		SolutionGuid = {83219C77-75A7-4EAA-931C-8649274F8CC1}
	EndGlobalSection
EndGlobal
